// !$*UTF8*$!
{
	archiveVersion = 1;
	classes = {
	};
	objectVersion = 77;
	objects = {

/* Begin PBXBuildFile section */
		0DF7F8AE2D2227AF00727BDF /* RWR Watch App.app in Embed Watch Content */ = {isa = PBXBuildFile; fileRef = 0DF7F8AD2D2227AF00727BDF /* RWR Watch App.app */; settings = {ATTRIBUTES = (RemoveHeadersOnCopy, ); }; };
/* End PBXBuildFile section */

/* Begin PBXContainerItemProxy section */
		0DF7F8982D2227AF00727BDF /* PBXContainerItemProxy */ = {
			isa = PBXContainerItemProxy;
			containerPortal = 0DF7F87F2D2227AD00727BDF /* Project object */;
			proxyType = 1;
			remoteGlobalIDString = 0DF7F8862D2227AE00727BDF;
			remoteInfo = RWR;
		};
		0DF7F8A22D2227AF00727BDF /* PBXContainerItemProxy */ = {
			isa = PBXContainerItemProxy;
			containerPortal = 0DF7F87F2D2227AD00727BDF /* Project object */;
			proxyType = 1;
			remoteGlobalIDString = 0DF7F8862D2227AE00727BDF;
			remoteInfo = RWR;
		};
		0DF7F8AF2D2227AF00727BDF /* PBXContainerItemProxy */ = {
			isa = PBXContainerItemProxy;
			containerPortal = 0DF7F87F2D2227AD00727BDF /* Project object */;
			proxyType = 1;
			remoteGlobalIDString = 0DF7F8AC2D2227AF00727BDF;
			remoteInfo = "RWR Watch App";
		};
		0DF7F8C02D2227B000727BDF /* PBXContainerItemProxy */ = {
			isa = PBXContainerItemProxy;
			containerPortal = 0DF7F87F2D2227AD00727BDF /* Project object */;
			proxyType = 1;
			remoteGlobalIDString = 0DF7F8AC2D2227AF00727BDF;
			remoteInfo = "RWR Watch App";
		};
		0DF7F8CA2D2227B000727BDF /* PBXContainerItemProxy */ = {
			isa = PBXContainerItemProxy;
			containerPortal = 0DF7F87F2D2227AD00727BDF /* Project object */;
			proxyType = 1;
			remoteGlobalIDString = 0DF7F8AC2D2227AF00727BDF;
			remoteInfo = "RWR Watch App";
		};
/* End PBXContainerItemProxy section */

/* Begin PBXCopyFilesBuildPhase section */
		0DF7F8D62D2227B000727BDF /* Embed Watch Content */ = {
			isa = PBXCopyFilesBuildPhase;
			buildActionMask = 2147483647;
			dstPath = "$(CONTENTS_FOLDER_PATH)/Watch";
			dstSubfolderSpec = 16;
			files = (
				0DF7F8AE2D2227AF00727BDF /* RWR Watch App.app in Embed Watch Content */,
			);
			name = "Embed Watch Content";
			runOnlyForDeploymentPostprocessing = 0;
		};
/* End PBXCopyFilesBuildPhase section */

/* Begin PBXFileReference section */
		0DF7F8872D2227AE00727BDF /* RWR.app */ = {isa = PBXFileReference; explicitFileType = wrapper.application; includeInIndex = 0; path = RWR.app; sourceTree = BUILT_PRODUCTS_DIR; };
		0DF7F8972D2227AF00727BDF /* RWRTests.xctest */ = {isa = PBXFileReference; explicitFileType = wrapper.cfbundle; includeInIndex = 0; path = RWRTests.xctest; sourceTree = BUILT_PRODUCTS_DIR; };
		0DF7F8A12D2227AF00727BDF /* RWRUITests.xctest */ = {isa = PBXFileReference; explicitFileType = wrapper.cfbundle; includeInIndex = 0; path = RWRUITests.xctest; sourceTree = BUILT_PRODUCTS_DIR; };
		0DF7F8AD2D2227AF00727BDF /* RWR Watch App.app */ = {isa = PBXFileReference; explicitFileType = wrapper.application; includeInIndex = 0; path = "RWR Watch App.app"; sourceTree = BUILT_PRODUCTS_DIR; };
		0DF7F8BF2D2227B000727BDF /* RWR Watch AppTests.xctest */ = {isa = PBXFileReference; explicitFileType = wrapper.cfbundle; includeInIndex = 0; path = "RWR Watch AppTests.xctest"; sourceTree = BUILT_PRODUCTS_DIR; };
		0DF7F8C92D2227B000727BDF /* RWR Watch AppUITests.xctest */ = {isa = PBXFileReference; explicitFileType = wrapper.cfbundle; includeInIndex = 0; path = "RWR Watch AppUITests.xctest"; sourceTree = BUILT_PRODUCTS_DIR; };
/* End PBXFileReference section */

/* Begin PBXFileSystemSynchronizedRootGroup section */
		0DF7F8892D2227AE00727BDF /* RWR */ = {
			isa = PBXFileSystemSynchronizedRootGroup;
			path = RWR;
			sourceTree = "<group>";
		};
		0DF7F89A2D2227AF00727BDF /* RWRTests */ = {
			isa = PBXFileSystemSynchronizedRootGroup;
			path = RWRTests;
			sourceTree = "<group>";
		};
		0DF7F8A42D2227AF00727BDF /* RWRUITests */ = {
			isa = PBXFileSystemSynchronizedRootGroup;
			path = RWRUITests;
			sourceTree = "<group>";
		};
		0DF7F8B12D2227AF00727BDF /* RWR Watch App */ = {
			isa = PBXFileSystemSynchronizedRootGroup;
			path = "RWR Watch App";
			sourceTree = "<group>";
		};
		0DF7F8C22D2227B000727BDF /* RWR Watch AppTests */ = {
			isa = PBXFileSystemSynchronizedRootGroup;
			path = "RWR Watch AppTests";
			sourceTree = "<group>";
		};
		0DF7F8CC2D2227B000727BDF /* RWR Watch AppUITests */ = {
			isa = PBXFileSystemSynchronizedRootGroup;
			path = "RWR Watch AppUITests";
			sourceTree = "<group>";
		};
/* End PBXFileSystemSynchronizedRootGroup section */

/* Begin PBXFrameworksBuildPhase section */
		0DF7F8842D2227AE00727BDF /* Frameworks */ = {
			isa = PBXFrameworksBuildPhase;
			buildActionMask = 2147483647;
			files = (
			);
			runOnlyForDeploymentPostprocessing = 0;
		};
		0DF7F8942D2227AF00727BDF /* Frameworks */ = {
			isa = PBXFrameworksBuildPhase;
			buildActionMask = 2147483647;
			files = (
			);
			runOnlyForDeploymentPostprocessing = 0;
		};
		0DF7F89E2D2227AF00727BDF /* Frameworks */ = {
			isa = PBXFrameworksBuildPhase;
			buildActionMask = 2147483647;
			files = (
			);
			runOnlyForDeploymentPostprocessing = 0;
		};
		0DF7F8AA2D2227AF00727BDF /* Frameworks */ = {
			isa = PBXFrameworksBuildPhase;
			buildActionMask = 2147483647;
			files = (
			);
			runOnlyForDeploymentPostprocessing = 0;
		};
		0DF7F8BC2D2227B000727BDF /* Frameworks */ = {
			isa = PBXFrameworksBuildPhase;
			buildActionMask = 2147483647;
			files = (
			);
			runOnlyForDeploymentPostprocessing = 0;
		};
		0DF7F8C62D2227B000727BDF /* Frameworks */ = {
			isa = PBXFrameworksBuildPhase;
			buildActionMask = 2147483647;
			files = (
			);
			runOnlyForDeploymentPostprocessing = 0;
		};
/* End PBXFrameworksBuildPhase section */

/* Begin PBXGroup section */
		0DF7F87E2D2227AD00727BDF = {
			isa = PBXGroup;
			children = (
				0DF7F8892D2227AE00727BDF /* RWR */,
				0DF7F89A2D2227AF00727BDF /* RWRTests */,
				0DF7F8A42D2227AF00727BDF /* RWRUITests */,
				0DF7F8B12D2227AF00727BDF /* RWR Watch App */,
				0DF7F8C22D2227B000727BDF /* RWR Watch AppTests */,
				0DF7F8CC2D2227B000727BDF /* RWR Watch AppUITests */,
				0DF7F8882D2227AE00727BDF /* Products */,
			);
			sourceTree = "<group>";
		};
		0DF7F8882D2227AE00727BDF /* Products */ = {
			isa = PBXGroup;
			children = (
				0DF7F8872D2227AE00727BDF /* RWR.app */,
				0DF7F8972D2227AF00727BDF /* RWRTests.xctest */,
				0DF7F8A12D2227AF00727BDF /* RWRUITests.xctest */,
				0DF7F8AD2D2227AF00727BDF /* RWR Watch App.app */,
				0DF7F8BF2D2227B000727BDF /* RWR Watch AppTests.xctest */,
				0DF7F8C92D2227B000727BDF /* RWR Watch AppUITests.xctest */,
			);
			name = Products;
			sourceTree = "<group>";
		};
/* End PBXGroup section */

/* Begin PBXNativeTarget section */
		0DF7F8862D2227AE00727BDF /* RWR */ = {
			isa = PBXNativeTarget;
			buildConfigurationList = 0DF7F8D72D2227B000727BDF /* Build configuration list for PBXNativeTarget "RWR" */;
			buildPhases = (
				0DF7F8832D2227AE00727BDF /* Sources */,
				0DF7F8842D2227AE00727BDF /* Frameworks */,
				0DF7F8852D2227AE00727BDF /* Resources */,
				0DF7F8D62D2227B000727BDF /* Embed Watch Content */,
			);
			buildRules = (
			);
			dependencies = (
				0DF7F8B02D2227AF00727BDF /* PBXTargetDependency */,
			);
			fileSystemSynchronizedGroups = (
				0DF7F8892D2227AE00727BDF /* RWR */,
			);
			name = RWR;
			packageProductDependencies = (
			);
			productName = RWR;
			productReference = 0DF7F8872D2227AE00727BDF /* RWR.app */;
			productType = "com.apple.product-type.application";
		};
		0DF7F8962D2227AF00727BDF /* RWRTests */ = {
			isa = PBXNativeTarget;
			buildConfigurationList = 0DF7F8DA2D2227B000727BDF /* Build configuration list for PBXNativeTarget "RWRTests" */;
			buildPhases = (
				0DF7F8932D2227AF00727BDF /* Sources */,
				0DF7F8942D2227AF00727BDF /* Frameworks */,
				0DF7F8952D2227AF00727BDF /* Resources */,
			);
			buildRules = (
			);
			dependencies = (
				0DF7F8992D2227AF00727BDF /* PBXTargetDependency */,
			);
			fileSystemSynchronizedGroups = (
				0DF7F89A2D2227AF00727BDF /* RWRTests */,
			);
			name = RWRTests;
			packageProductDependencies = (
			);
			productName = RWRTests;
			productReference = 0DF7F8972D2227AF00727BDF /* RWRTests.xctest */;
			productType = "com.apple.product-type.bundle.unit-test";
		};
		0DF7F8A02D2227AF00727BDF /* RWRUITests */ = {
			isa = PBXNativeTarget;
			buildConfigurationList = 0DF7F8DD2D2227B000727BDF /* Build configuration list for PBXNativeTarget "RWRUITests" */;
			buildPhases = (
				0DF7F89D2D2227AF00727BDF /* Sources */,
				0DF7F89E2D2227AF00727BDF /* Frameworks */,
				0DF7F89F2D2227AF00727BDF /* Resources */,
			);
			buildRules = (
			);
			dependencies = (
				0DF7F8A32D2227AF00727BDF /* PBXTargetDependency */,
			);
			fileSystemSynchronizedGroups = (
				0DF7F8A42D2227AF00727BDF /* RWRUITests */,
			);
			name = RWRUITests;
			packageProductDependencies = (
			);
			productName = RWRUITests;
			productReference = 0DF7F8A12D2227AF00727BDF /* RWRUITests.xctest */;
			productType = "com.apple.product-type.bundle.ui-testing";
		};
		0DF7F8AC2D2227AF00727BDF /* RWR Watch App */ = {
			isa = PBXNativeTarget;
			buildConfigurationList = 0DF7F8D32D2227B000727BDF /* Build configuration list for PBXNativeTarget "RWR Watch App" */;
			buildPhases = (
				0DF7F8A92D2227AF00727BDF /* Sources */,
				0DF7F8AA2D2227AF00727BDF /* Frameworks */,
				0DF7F8AB2D2227AF00727BDF /* Resources */,
			);
			buildRules = (
			);
			dependencies = (
			);
			fileSystemSynchronizedGroups = (
				0DF7F8B12D2227AF00727BDF /* RWR Watch App */,
			);
			name = "RWR Watch App";
			packageProductDependencies = (
			);
			productName = "RWR Watch App";
			productReference = 0DF7F8AD2D2227AF00727BDF /* RWR Watch App.app */;
			productType = "com.apple.product-type.application";
		};
		0DF7F8BE2D2227B000727BDF /* RWR Watch AppTests */ = {
			isa = PBXNativeTarget;
			buildConfigurationList = 0DF7F8E02D2227B000727BDF /* Build configuration list for PBXNativeTarget "RWR Watch AppTests" */;
			buildPhases = (
				0DF7F8BB2D2227B000727BDF /* Sources */,
				0DF7F8BC2D2227B000727BDF /* Frameworks */,
				0DF7F8BD2D2227B000727BDF /* Resources */,
			);
			buildRules = (
			);
			dependencies = (
				0DF7F8C12D2227B000727BDF /* PBXTargetDependency */,
			);
			fileSystemSynchronizedGroups = (
				0DF7F8C22D2227B000727BDF /* RWR Watch AppTests */,
			);
			name = "RWR Watch AppTests";
			packageProductDependencies = (
			);
			productName = "RWR Watch AppTests";
			productReference = 0DF7F8BF2D2227B000727BDF /* RWR Watch AppTests.xctest */;
			productType = "com.apple.product-type.bundle.unit-test";
		};
		0DF7F8C82D2227B000727BDF /* RWR Watch AppUITests */ = {
			isa = PBXNativeTarget;
			buildConfigurationList = 0DF7F8E32D2227B000727BDF /* Build configuration list for PBXNativeTarget "RWR Watch AppUITests" */;
			buildPhases = (
				0DF7F8C52D2227B000727BDF /* Sources */,
				0DF7F8C62D2227B000727BDF /* Frameworks */,
				0DF7F8C72D2227B000727BDF /* Resources */,
			);
			buildRules = (
			);
			dependencies = (
				0DF7F8CB2D2227B000727BDF /* PBXTargetDependency */,
			);
			fileSystemSynchronizedGroups = (
				0DF7F8CC2D2227B000727BDF /* RWR Watch AppUITests */,
			);
			name = "RWR Watch AppUITests";
			packageProductDependencies = (
			);
			productName = "RWR Watch AppUITests";
			productReference = 0DF7F8C92D2227B000727BDF /* RWR Watch AppUITests.xctest */;
			productType = "com.apple.product-type.bundle.ui-testing";
		};
/* End PBXNativeTarget section */

/* Begin PBXProject section */
		0DF7F87F2D2227AD00727BDF /* Project object */ = {
			isa = PBXProject;
			attributes = {
				BuildIndependentTargetsInParallel = 1;
				LastSwiftUpdateCheck = 1600;
				LastUpgradeCheck = 1600;
				TargetAttributes = {
					0DF7F8862D2227AE00727BDF = {
						CreatedOnToolsVersion = 16.0;
					};
					0DF7F8962D2227AF00727BDF = {
						CreatedOnToolsVersion = 16.0;
						TestTargetID = 0DF7F8862D2227AE00727BDF;
					};
					0DF7F8A02D2227AF00727BDF = {
						CreatedOnToolsVersion = 16.0;
						TestTargetID = 0DF7F8862D2227AE00727BDF;
					};
					0DF7F8AC2D2227AF00727BDF = {
						CreatedOnToolsVersion = 16.0;
					};
					0DF7F8BE2D2227B000727BDF = {
						CreatedOnToolsVersion = 16.0;
						TestTargetID = 0DF7F8AC2D2227AF00727BDF;
					};
					0DF7F8C82D2227B000727BDF = {
						CreatedOnToolsVersion = 16.0;
						TestTargetID = 0DF7F8AC2D2227AF00727BDF;
					};
				};
			};
			buildConfigurationList = 0DF7F8822D2227AD00727BDF /* Build configuration list for PBXProject "RWR" */;
			developmentRegion = en;
			hasScannedForEncodings = 0;
			knownRegions = (
				en,
				Base,
			);
			mainGroup = 0DF7F87E2D2227AD00727BDF;
			minimizedProjectReferenceProxies = 1;
			preferredProjectObjectVersion = 77;
			productRefGroup = 0DF7F8882D2227AE00727BDF /* Products */;
			projectDirPath = "";
			projectRoot = "";
			targets = (
				0DF7F8862D2227AE00727BDF /* RWR */,
				0DF7F8962D2227AF00727BDF /* RWRTests */,
				0DF7F8A02D2227AF00727BDF /* RWRUITests */,
				0DF7F8AC2D2227AF00727BDF /* RWR Watch App */,
				0DF7F8BE2D2227B000727BDF /* RWR Watch AppTests */,
				0DF7F8C82D2227B000727BDF /* RWR Watch AppUITests */,
			);
		};
/* End PBXProject section */

/* Begin PBXResourcesBuildPhase section */
		0DF7F8852D2227AE00727BDF /* Resources */ = {
			isa = PBXResourcesBuildPhase;
			buildActionMask = 2147483647;
			files = (
			);
			runOnlyForDeploymentPostprocessing = 0;
		};
		0DF7F8952D2227AF00727BDF /* Resources */ = {
			isa = PBXResourcesBuildPhase;
			buildActionMask = 2147483647;
			files = (
			);
			runOnlyForDeploymentPostprocessing = 0;
		};
		0DF7F89F2D2227AF00727BDF /* Resources */ = {
			isa = PBXResourcesBuildPhase;
			buildActionMask = 2147483647;
			files = (
			);
			runOnlyForDeploymentPostprocessing = 0;
		};
		0DF7F8AB2D2227AF00727BDF /* Resources */ = {
			isa = PBXResourcesBuildPhase;
			buildActionMask = 2147483647;
			files = (
			);
			runOnlyForDeploymentPostprocessing = 0;
		};
		0DF7F8BD2D2227B000727BDF /* Resources */ = {
			isa = PBXResourcesBuildPhase;
			buildActionMask = 2147483647;
			files = (
			);
			runOnlyForDeploymentPostprocessing = 0;
		};
		0DF7F8C72D2227B000727BDF /* Resources */ = {
			isa = PBXResourcesBuildPhase;
			buildActionMask = 2147483647;
			files = (
			);
			runOnlyForDeploymentPostprocessing = 0;
		};
/* End PBXResourcesBuildPhase section */

/* Begin PBXSourcesBuildPhase section */
		0DF7F8832D2227AE00727BDF /* Sources */ = {
			isa = PBXSourcesBuildPhase;
			buildActionMask = 2147483647;
			files = (
			);
			runOnlyForDeploymentPostprocessing = 0;
		};
		0DF7F8932D2227AF00727BDF /* Sources */ = {
			isa = PBXSourcesBuildPhase;
			buildActionMask = 2147483647;
			files = (
			);
			runOnlyForDeploymentPostprocessing = 0;
		};
		0DF7F89D2D2227AF00727BDF /* Sources */ = {
			isa = PBXSourcesBuildPhase;
			buildActionMask = 2147483647;
			files = (
			);
			runOnlyForDeploymentPostprocessing = 0;
		};
		0DF7F8A92D2227AF00727BDF /* Sources */ = {
			isa = PBXSourcesBuildPhase;
			buildActionMask = 2147483647;
			files = (
			);
			runOnlyForDeploymentPostprocessing = 0;
		};
		0DF7F8BB2D2227B000727BDF /* Sources */ = {
			isa = PBXSourcesBuildPhase;
			buildActionMask = 2147483647;
			files = (
			);
			runOnlyForDeploymentPostprocessing = 0;
		};
		0DF7F8C52D2227B000727BDF /* Sources */ = {
			isa = PBXSourcesBuildPhase;
			buildActionMask = 2147483647;
			files = (
			);
			runOnlyForDeploymentPostprocessing = 0;
		};
/* End PBXSourcesBuildPhase section */

/* Begin PBXTargetDependency section */
		0DF7F8992D2227AF00727BDF /* PBXTargetDependency */ = {
			isa = PBXTargetDependency;
			target = 0DF7F8862D2227AE00727BDF /* RWR */;
			targetProxy = 0DF7F8982D2227AF00727BDF /* PBXContainerItemProxy */;
		};
		0DF7F8A32D2227AF00727BDF /* PBXTargetDependency */ = {
			isa = PBXTargetDependency;
			target = 0DF7F8862D2227AE00727BDF /* RWR */;
			targetProxy = 0DF7F8A22D2227AF00727BDF /* PBXContainerItemProxy */;
		};
		0DF7F8B02D2227AF00727BDF /* PBXTargetDependency */ = {
			isa = PBXTargetDependency;
			target = 0DF7F8AC2D2227AF00727BDF /* RWR Watch App */;
			targetProxy = 0DF7F8AF2D2227AF00727BDF /* PBXContainerItemProxy */;
		};
		0DF7F8C12D2227B000727BDF /* PBXTargetDependency */ = {
			isa = PBXTargetDependency;
			target = 0DF7F8AC2D2227AF00727BDF /* RWR Watch App */;
			targetProxy = 0DF7F8C02D2227B000727BDF /* PBXContainerItemProxy */;
		};
		0DF7F8CB2D2227B000727BDF /* PBXTargetDependency */ = {
			isa = PBXTargetDependency;
			target = 0DF7F8AC2D2227AF00727BDF /* RWR Watch App */;
			targetProxy = 0DF7F8CA2D2227B000727BDF /* PBXContainerItemProxy */;
		};
/* End PBXTargetDependency section */

/* Begin XCBuildConfiguration section */
		0DF7F8D12D2227B000727BDF /* Debug */ = {
			isa = XCBuildConfiguration;
			buildSettings = {
				ALWAYS_SEARCH_USER_PATHS = NO;
				ASSETCATALOG_COMPILER_GENERATE_SWIFT_ASSET_SYMBOL_EXTENSIONS = YES;
				CLANG_ANALYZER_NONNULL = YES;
				CLANG_ANALYZER_NUMBER_OBJECT_CONVERSION = YES_AGGRESSIVE;
				CLANG_CXX_LANGUAGE_STANDARD = "gnu++20";
				CLANG_ENABLE_MODULES = YES;
				CLANG_ENABLE_OBJC_ARC = YES;
				CLANG_ENABLE_OBJC_WEAK = YES;
				CLANG_WARN_BLOCK_CAPTURE_AUTORELEASING = YES;
				CLANG_WARN_BOOL_CONVERSION = YES;
				CLANG_WARN_COMMA = YES;
				CLANG_WARN_CONSTANT_CONVERSION = YES;
				CLANG_WARN_DEPRECATED_OBJC_IMPLEMENTATIONS = YES;
				CLANG_WARN_DIRECT_OBJC_ISA_USAGE = YES_ERROR;
				CLANG_WARN_DOCUMENTATION_COMMENTS = YES;
				CLANG_WARN_EMPTY_BODY = YES;
				CLANG_WARN_ENUM_CONVERSION = YES;
				CLANG_WARN_INFINITE_RECURSION = YES;
				CLANG_WARN_INT_CONVERSION = YES;
				CLANG_WARN_NON_LITERAL_NULL_CONVERSION = YES;
				CLANG_WARN_OBJC_IMPLICIT_RETAIN_SELF = YES;
				CLANG_WARN_OBJC_LITERAL_CONVERSION = YES;
				CLANG_WARN_OBJC_ROOT_CLASS = YES_ERROR;
				CLANG_WARN_QUOTED_INCLUDE_IN_FRAMEWORK_HEADER = YES;
				CLANG_WARN_RANGE_LOOP_ANALYSIS = YES;
				CLANG_WARN_STRICT_PROTOTYPES = YES;
				CLANG_WARN_SUSPICIOUS_MOVE = YES;
				CLANG_WARN_UNGUARDED_AVAILABILITY = YES_AGGRESSIVE;
				CLANG_WARN_UNREACHABLE_CODE = YES;
				CLANG_WARN__DUPLICATE_METHOD_MATCH = YES;
				COPY_PHASE_STRIP = NO;
				DEBUG_INFORMATION_FORMAT = dwarf;
				ENABLE_STRICT_OBJC_MSGSEND = YES;
				ENABLE_TESTABILITY = YES;
				ENABLE_USER_SCRIPT_SANDBOXING = YES;
				GCC_C_LANGUAGE_STANDARD = gnu17;
				GCC_DYNAMIC_NO_PIC = NO;
				GCC_NO_COMMON_BLOCKS = YES;
				GCC_OPTIMIZATION_LEVEL = 0;
				GCC_PREPROCESSOR_DEFINITIONS = (
					"DEBUG=1",
					"$(inherited)",
				);
				GCC_WARN_64_TO_32_BIT_CONVERSION = YES;
				GCC_WARN_ABOUT_RETURN_TYPE = YES_ERROR;
				GCC_WARN_UNDECLARED_SELECTOR = YES;
				GCC_WARN_UNINITIALIZED_AUTOS = YES_AGGRESSIVE;
				GCC_WARN_UNUSED_FUNCTION = YES;
				GCC_WARN_UNUSED_VARIABLE = YES;
				LOCALIZATION_PREFERS_STRING_CATALOGS = YES;
				MTL_ENABLE_DEBUG_INFO = INCLUDE_SOURCE;
				MTL_FAST_MATH = YES;
				ONLY_ACTIVE_ARCH = YES;
				SWIFT_ACTIVE_COMPILATION_CONDITIONS = "DEBUG $(inherited)";
				SWIFT_OPTIMIZATION_LEVEL = "-Onone";
			};
			name = Debug;
		};
		0DF7F8D22D2227B000727BDF /* Release */ = {
			isa = XCBuildConfiguration;
			buildSettings = {
				ALWAYS_SEARCH_USER_PATHS = NO;
				ASSETCATALOG_COMPILER_GENERATE_SWIFT_ASSET_SYMBOL_EXTENSIONS = YES;
				CLANG_ANALYZER_NONNULL = YES;
				CLANG_ANALYZER_NUMBER_OBJECT_CONVERSION = YES_AGGRESSIVE;
				CLANG_CXX_LANGUAGE_STANDARD = "gnu++20";
				CLANG_ENABLE_MODULES = YES;
				CLANG_ENABLE_OBJC_ARC = YES;
				CLANG_ENABLE_OBJC_WEAK = YES;
				CLANG_WARN_BLOCK_CAPTURE_AUTORELEASING = YES;
				CLANG_WARN_BOOL_CONVERSION = YES;
				CLANG_WARN_COMMA = YES;
				CLANG_WARN_CONSTANT_CONVERSION = YES;
				CLANG_WARN_DEPRECATED_OBJC_IMPLEMENTATIONS = YES;
				CLANG_WARN_DIRECT_OBJC_ISA_USAGE = YES_ERROR;
				CLANG_WARN_DOCUMENTATION_COMMENTS = YES;
				CLANG_WARN_EMPTY_BODY = YES;
				CLANG_WARN_ENUM_CONVERSION = YES;
				CLANG_WARN_INFINITE_RECURSION = YES;
				CLANG_WARN_INT_CONVERSION = YES;
				CLANG_WARN_NON_LITERAL_NULL_CONVERSION = YES;
				CLANG_WARN_OBJC_IMPLICIT_RETAIN_SELF = YES;
				CLANG_WARN_OBJC_LITERAL_CONVERSION = YES;
				CLANG_WARN_OBJC_ROOT_CLASS = YES_ERROR;
				CLANG_WARN_QUOTED_INCLUDE_IN_FRAMEWORK_HEADER = YES;
				CLANG_WARN_RANGE_LOOP_ANALYSIS = YES;
				CLANG_WARN_STRICT_PROTOTYPES = YES;
				CLANG_WARN_SUSPICIOUS_MOVE = YES;
				CLANG_WARN_UNGUARDED_AVAILABILITY = YES_AGGRESSIVE;
				CLANG_WARN_UNREACHABLE_CODE = YES;
				CLANG_WARN__DUPLICATE_METHOD_MATCH = YES;
				COPY_PHASE_STRIP = NO;
				DEBUG_INFORMATION_FORMAT = "dwarf-with-dsym";
				ENABLE_NS_ASSERTIONS = NO;
				ENABLE_STRICT_OBJC_MSGSEND = YES;
				ENABLE_USER_SCRIPT_SANDBOXING = YES;
				GCC_C_LANGUAGE_STANDARD = gnu17;
				GCC_NO_COMMON_BLOCKS = YES;
				GCC_WARN_64_TO_32_BIT_CONVERSION = YES;
				GCC_WARN_ABOUT_RETURN_TYPE = YES_ERROR;
				GCC_WARN_UNDECLARED_SELECTOR = YES;
				GCC_WARN_UNINITIALIZED_AUTOS = YES_AGGRESSIVE;
				GCC_WARN_UNUSED_FUNCTION = YES;
				GCC_WARN_UNUSED_VARIABLE = YES;
				LOCALIZATION_PREFERS_STRING_CATALOGS = YES;
				MTL_ENABLE_DEBUG_INFO = NO;
				MTL_FAST_MATH = YES;
				SWIFT_COMPILATION_MODE = wholemodule;
			};
			name = Release;
		};
		0DF7F8D42D2227B000727BDF /* Debug */ = {
			isa = XCBuildConfiguration;
			buildSettings = {
				ASSETCATALOG_COMPILER_APPICON_NAME = AppIcon;
				ASSETCATALOG_COMPILER_GLOBAL_ACCENT_COLOR_NAME = AccentColor;
				CODE_SIGN_STYLE = Automatic;
				CURRENT_PROJECT_VERSION = 1;
				DEVELOPMENT_ASSET_PATHS = "\"RWR Watch App/Preview Content\"";
				DEVELOPMENT_TEAM = Z262ABQC55;
				ENABLE_PREVIEWS = YES;
				GENERATE_INFOPLIST_FILE = YES;
				INFOPLIST_KEY_CFBundleDisplayName = RWR;
				INFOPLIST_KEY_UISupportedInterfaceOrientations = "UIInterfaceOrientationPortrait UIInterfaceOrientationPortraitUpsideDown";
				INFOPLIST_KEY_WKCompanionAppBundleIdentifier = org.dhital.RWR;
				LD_RUNPATH_SEARCH_PATHS = (
					"$(inherited)",
					"@executable_path/Frameworks",
				);
				MARKETING_VERSION = 1.0;
				PRODUCT_BUNDLE_IDENTIFIER = org.dhital.RWR.watchkitapp;
				PRODUCT_NAME = "$(TARGET_NAME)";
				SDKROOT = watchos;
				SKIP_INSTALL = YES;
				SWIFT_EMIT_LOC_STRINGS = YES;
				SWIFT_VERSION = 5.0;
				TARGETED_DEVICE_FAMILY = 4;
				WATCHOS_DEPLOYMENT_TARGET = 11.0;
			};
			name = Debug;
		};
		0DF7F8D52D2227B000727BDF /* Release */ = {
			isa = XCBuildConfiguration;
			buildSettings = {
				ASSETCATALOG_COMPILER_APPICON_NAME = AppIcon;
				ASSETCATALOG_COMPILER_GLOBAL_ACCENT_COLOR_NAME = AccentColor;
				CODE_SIGN_STYLE = Automatic;
				CURRENT_PROJECT_VERSION = 1;
				DEVELOPMENT_ASSET_PATHS = "\"RWR Watch App/Preview Content\"";
				DEVELOPMENT_TEAM = Z262ABQC55;
				ENABLE_PREVIEWS = YES;
				GENERATE_INFOPLIST_FILE = YES;
				INFOPLIST_KEY_CFBundleDisplayName = RWR;
				INFOPLIST_KEY_UISupportedInterfaceOrientations = "UIInterfaceOrientationPortrait UIInterfaceOrientationPortraitUpsideDown";
				INFOPLIST_KEY_WKCompanionAppBundleIdentifier = org.dhital.RWR;
				LD_RUNPATH_SEARCH_PATHS = (
					"$(inherited)",
					"@executable_path/Frameworks",
				);
				MARKETING_VERSION = 1.0;
				PRODUCT_BUNDLE_IDENTIFIER = org.dhital.RWR.watchkitapp;
				PRODUCT_NAME = "$(TARGET_NAME)";
				SDKROOT = watchos;
				SKIP_INSTALL = YES;
				SWIFT_EMIT_LOC_STRINGS = YES;
				SWIFT_VERSION = 5.0;
				TARGETED_DEVICE_FAMILY = 4;
				VALIDATE_PRODUCT = YES;
				WATCHOS_DEPLOYMENT_TARGET = 11.0;
			};
			name = Release;
		};
		0DF7F8D82D2227B000727BDF /* Debug */ = {
			isa = XCBuildConfiguration;
			buildSettings = {
				ASSETCATALOG_COMPILER_APPICON_NAME = AppIcon;
				ASSETCATALOG_COMPILER_GLOBAL_ACCENT_COLOR_NAME = AccentColor;
				CODE_SIGN_STYLE = Automatic;
				CURRENT_PROJECT_VERSION = 1;
				DEVELOPMENT_ASSET_PATHS = "\"RWR/Preview Content\"";
				DEVELOPMENT_TEAM = Z262ABQC55;
				ENABLE_PREVIEWS = YES;
				GENERATE_INFOPLIST_FILE = YES;
				INFOPLIST_KEY_CFBundleDisplayName = RWR;
				INFOPLIST_KEY_UIApplicationSceneManifest_Generation = YES;
				INFOPLIST_KEY_UIApplicationSupportsIndirectInputEvents = YES;
				INFOPLIST_KEY_UILaunchScreen_Generation = YES;
				INFOPLIST_KEY_UISupportedInterfaceOrientations_iPad = "UIInterfaceOrientationPortrait UIInterfaceOrientationPortraitUpsideDown UIInterfaceOrientationLandscapeLeft UIInterfaceOrientationLandscapeRight";
				INFOPLIST_KEY_UISupportedInterfaceOrientations_iPhone = "UIInterfaceOrientationPortrait UIInterfaceOrientationLandscapeLeft UIInterfaceOrientationLandscapeRight";
				IPHONEOS_DEPLOYMENT_TARGET = 18.0;
				LD_RUNPATH_SEARCH_PATHS = (
					"$(inherited)",
					"@executable_path/Frameworks",
				);
				MARKETING_VERSION = 1.0;
				PRODUCT_BUNDLE_IDENTIFIER = org.dhital.RWR;
				PRODUCT_NAME = "$(TARGET_NAME)";
				SDKROOT = iphoneos;
				SWIFT_EMIT_LOC_STRINGS = YES;
				SWIFT_VERSION = 5.0;
				TARGETED_DEVICE_FAMILY = "1,2";
			};
			name = Debug;
		};
		0DF7F8D92D2227B000727BDF /* Release */ = {
			isa = XCBuildConfiguration;
			buildSettings = {
				ASSETCATALOG_COMPILER_APPICON_NAME = AppIcon;
				ASSETCATALOG_COMPILER_GLOBAL_ACCENT_COLOR_NAME = AccentColor;
				CODE_SIGN_STYLE = Automatic;
				CURRENT_PROJECT_VERSION = 1;
				DEVELOPMENT_ASSET_PATHS = "\"RWR/Preview Content\"";
				DEVELOPMENT_TEAM = Z262ABQC55;
				ENABLE_PREVIEWS = YES;
				GENERATE_INFOPLIST_FILE = YES;
				INFOPLIST_KEY_CFBundleDisplayName = RWR;
				INFOPLIST_KEY_UIApplicationSceneManifest_Generation = YES;
				INFOPLIST_KEY_UIApplicationSupportsIndirectInputEvents = YES;
				INFOPLIST_KEY_UILaunchScreen_Generation = YES;
				INFOPLIST_KEY_UISupportedInterfaceOrientations_iPad = "UIInterfaceOrientationPortrait UIInterfaceOrientationPortraitUpsideDown UIInterfaceOrientationLandscapeLeft UIInterfaceOrientationLandscapeRight";
				INFOPLIST_KEY_UISupportedInterfaceOrientations_iPhone = "UIInterfaceOrientationPortrait UIInterfaceOrientationLandscapeLeft UIInterfaceOrientationLandscapeRight";
				IPHONEOS_DEPLOYMENT_TARGET = 18.0;
				LD_RUNPATH_SEARCH_PATHS = (
					"$(inherited)",
					"@executable_path/Frameworks",
				);
				MARKETING_VERSION = 1.0;
				PRODUCT_BUNDLE_IDENTIFIER = org.dhital.RWR;
				PRODUCT_NAME = "$(TARGET_NAME)";
				SDKROOT = iphoneos;
				SWIFT_EMIT_LOC_STRINGS = YES;
				SWIFT_VERSION = 5.0;
				TARGETED_DEVICE_FAMILY = "1,2";
				VALIDATE_PRODUCT = YES;
			};
			name = Release;
		};
		0DF7F8DB2D2227B000727BDF /* Debug */ = {
			isa = XCBuildConfiguration;
			buildSettings = {
				BUNDLE_LOADER = "$(TEST_HOST)";
				CODE_SIGN_STYLE = Automatic;
				CURRENT_PROJECT_VERSION = 1;
				DEVELOPMENT_TEAM = Z262ABQC55;
				GENERATE_INFOPLIST_FILE = YES;
				IPHONEOS_DEPLOYMENT_TARGET = 18.0;
				MARKETING_VERSION = 1.0;
				PRODUCT_BUNDLE_IDENTIFIER = org.dhital.RWRTests;
				PRODUCT_NAME = "$(TARGET_NAME)";
				SDKROOT = iphoneos;
				SWIFT_EMIT_LOC_STRINGS = NO;
				SWIFT_VERSION = 5.0;
				TARGETED_DEVICE_FAMILY = "1,2";
				TEST_HOST = "$(BUILT_PRODUCTS_DIR)/RWR.app/$(BUNDLE_EXECUTABLE_FOLDER_PATH)/RWR";
			};
			name = Debug;
		};
		0DF7F8DC2D2227B000727BDF /* Release */ = {
			isa = XCBuildConfiguration;
			buildSettings = {
				BUNDLE_LOADER = "$(TEST_HOST)";
				CODE_SIGN_STYLE = Automatic;
				CURRENT_PROJECT_VERSION = 1;
				DEVELOPMENT_TEAM = Z262ABQC55;
				GENERATE_INFOPLIST_FILE = YES;
				IPHONEOS_DEPLOYMENT_TARGET = 18.0;
				MARKETING_VERSION = 1.0;
				PRODUCT_BUNDLE_IDENTIFIER = org.dhital.RWRTests;
				PRODUCT_NAME = "$(TARGET_NAME)";
				SDKROOT = iphoneos;
				SWIFT_EMIT_LOC_STRINGS = NO;
				SWIFT_VERSION = 5.0;
				TARGETED_DEVICE_FAMILY = "1,2";
				TEST_HOST = "$(BUILT_PRODUCTS_DIR)/RWR.app/$(BUNDLE_EXECUTABLE_FOLDER_PATH)/RWR";
				VALIDATE_PRODUCT = YES;
			};
			name = Release;
		};
		0DF7F8DE2D2227B000727BDF /* Debug */ = {
			isa = XCBuildConfiguration;
			buildSettings = {
				CODE_SIGN_STYLE = Automatic;
				CURRENT_PROJECT_VERSION = 1;
				DEVELOPMENT_TEAM = Z262ABQC55;
				GENERATE_INFOPLIST_FILE = YES;
				IPHONEOS_DEPLOYMENT_TARGET = 18.0;
				MARKETING_VERSION = 1.0;
				PRODUCT_BUNDLE_IDENTIFIER = org.dhital.RWRUITests;
				PRODUCT_NAME = "$(TARGET_NAME)";
				SDKROOT = iphoneos;
				SWIFT_EMIT_LOC_STRINGS = NO;
				SWIFT_VERSION = 5.0;
				TARGETED_DEVICE_FAMILY = "1,2";
				TEST_TARGET_NAME = RWR;
			};
			name = Debug;
		};
		0DF7F8DF2D2227B000727BDF /* Release */ = {
			isa = XCBuildConfiguration;
			buildSettings = {
				CODE_SIGN_STYLE = Automatic;
				CURRENT_PROJECT_VERSION = 1;
				DEVELOPMENT_TEAM = Z262ABQC55;
				GENERATE_INFOPLIST_FILE = YES;
				IPHONEOS_DEPLOYMENT_TARGET = 18.0;
				MARKETING_VERSION = 1.0;
				PRODUCT_BUNDLE_IDENTIFIER = org.dhital.RWRUITests;
				PRODUCT_NAME = "$(TARGET_NAME)";
				SDKROOT = iphoneos;
				SWIFT_EMIT_LOC_STRINGS = NO;
				SWIFT_VERSION = 5.0;
				TARGETED_DEVICE_FAMILY = "1,2";
				TEST_TARGET_NAME = RWR;
				VALIDATE_PRODUCT = YES;
			};
			name = Release;
		};
		0DF7F8E12D2227B000727BDF /* Debug */ = {
			isa = XCBuildConfiguration;
			buildSettings = {
				BUNDLE_LOADER = "$(TEST_HOST)";
				CODE_SIGN_STYLE = Automatic;
				CURRENT_PROJECT_VERSION = 1;
				DEVELOPMENT_TEAM = Z262ABQC55;
				GENERATE_INFOPLIST_FILE = YES;
				MARKETING_VERSION = 1.0;
				PRODUCT_BUNDLE_IDENTIFIER = "org.dhital.RWR-Watch-AppTests";
				PRODUCT_NAME = "$(TARGET_NAME)";
				SDKROOT = watchos;
				SWIFT_EMIT_LOC_STRINGS = NO;
				SWIFT_VERSION = 5.0;
				TARGETED_DEVICE_FAMILY = 4;
				TEST_HOST = "$(BUILT_PRODUCTS_DIR)/RWR Watch App.app/$(BUNDLE_EXECUTABLE_FOLDER_PATH)/RWR Watch App";
				WATCHOS_DEPLOYMENT_TARGET = 11.0;
			};
			name = Debug;
		};
		0DF7F8E22D2227B000727BDF /* Release */ = {
			isa = XCBuildConfiguration;
			buildSettings = {
				BUNDLE_LOADER = "$(TEST_HOST)";
				CODE_SIGN_STYLE = Automatic;
				CURRENT_PROJECT_VERSION = 1;
				DEVELOPMENT_TEAM = Z262ABQC55;
				GENERATE_INFOPLIST_FILE = YES;
				MARKETING_VERSION = 1.0;
				PRODUCT_BUNDLE_IDENTIFIER = "org.dhital.RWR-Watch-AppTests";
				PRODUCT_NAME = "$(TARGET_NAME)";
				SDKROOT = watchos;
				SWIFT_EMIT_LOC_STRINGS = NO;
				SWIFT_VERSION = 5.0;
				TARGETED_DEVICE_FAMILY = 4;
				TEST_HOST = "$(BUILT_PRODUCTS_DIR)/RWR Watch App.app/$(BUNDLE_EXECUTABLE_FOLDER_PATH)/RWR Watch App";
				VALIDATE_PRODUCT = YES;
				WATCHOS_DEPLOYMENT_TARGET = 11.0;
			};
			name = Release;
		};
		0DF7F8E42D2227B000727BDF /* Debug */ = {
			isa = XCBuildConfiguration;
			buildSettings = {
				CODE_SIGN_STYLE = Automatic;
				CURRENT_PROJECT_VERSION = 1;
				DEVELOPMENT_TEAM = Z262ABQC55;
				GENERATE_INFOPLIST_FILE = YES;
				MARKETING_VERSION = 1.0;
				PRODUCT_BUNDLE_IDENTIFIER = "org.dhital.RWR-Watch-AppUITests";
				PRODUCT_NAME = "$(TARGET_NAME)";
				SDKROOT = watchos;
				SWIFT_EMIT_LOC_STRINGS = NO;
				SWIFT_VERSION = 5.0;
				TARGETED_DEVICE_FAMILY = 4;
				TEST_TARGET_NAME = "RWR Watch App";
				WATCHOS_DEPLOYMENT_TARGET = 11.0;
			};
			name = Debug;
		};
		0DF7F8E52D2227B000727BDF /* Release */ = {
			isa = XCBuildConfiguration;
			buildSettings = {
				CODE_SIGN_STYLE = Automatic;
				CURRENT_PROJECT_VERSION = 1;
				DEVELOPMENT_TEAM = Z262ABQC55;
				GENERATE_INFOPLIST_FILE = YES;
				MARKETING_VERSION = 1.0;
				PRODUCT_BUNDLE_IDENTIFIER = "org.dhital.RWR-Watch-AppUITests";
				PRODUCT_NAME = "$(TARGET_NAME)";
				SDKROOT = watchos;
				SWIFT_EMIT_LOC_STRINGS = NO;
				SWIFT_VERSION = 5.0;
				TARGETED_DEVICE_FAMILY = 4;
				TEST_TARGET_NAME = "RWR Watch App";
				VALIDATE_PRODUCT = YES;
				WATCHOS_DEPLOYMENT_TARGET = 11.0;
			};
			name = Release;
		};
/* End XCBuildConfiguration section */

/* Begin XCConfigurationList section */
		0DF7F8822D2227AD00727BDF /* Build configuration list for PBXProject "RWR" */ = {
			isa = XCConfigurationList;
			buildConfigurations = (
				0DF7F8D12D2227B000727BDF /* Debug */,
				0DF7F8D22D2227B000727BDF /* Release */,
			);
			defaultConfigurationIsVisible = 0;
			defaultConfigurationName = Release;
		};
		0DF7F8D32D2227B000727BDF /* Build configuration list for PBXNativeTarget "RWR Watch App" */ = {
			isa = XCConfigurationList;
			buildConfigurations = (
				0DF7F8D42D2227B000727BDF /* Debug */,
				0DF7F8D52D2227B000727BDF /* Release */,
			);
			defaultConfigurationIsVisible = 0;
			defaultConfigurationName = Release;
		};
		0DF7F8D72D2227B000727BDF /* Build configuration list for PBXNativeTarget "RWR" */ = {
			isa = XCConfigurationList;
			buildConfigurations = (
				0DF7F8D82D2227B000727BDF /* Debug */,
				0DF7F8D92D2227B000727BDF /* Release */,
			);
			defaultConfigurationIsVisible = 0;
			defaultConfigurationName = Release;
		};
		0DF7F8DA2D2227B000727BDF /* Build configuration list for PBXNativeTarget "RWRTests" */ = {
			isa = XCConfigurationList;
			buildConfigurations = (
				0DF7F8DB2D2227B000727BDF /* Debug */,
				0DF7F8DC2D2227B000727BDF /* Release */,
			);
			defaultConfigurationIsVisible = 0;
			defaultConfigurationName = Release;
		};
		0DF7F8DD2D2227B000727BDF /* Build configuration list for PBXNativeTarget "RWRUITests" */ = {
			isa = XCConfigurationList;
			buildConfigurations = (
				0DF7F8DE2D2227B000727BDF /* Debug */,
				0DF7F8DF2D2227B000727BDF /* Release */,
			);
			defaultConfigurationIsVisible = 0;
			defaultConfigurationName = Release;
		};
		0DF7F8E02D2227B000727BDF /* Build configuration list for PBXNativeTarget "RWR Watch AppTests" */ = {
			isa = XCConfigurationList;
			buildConfigurations = (
				0DF7F8E12D2227B000727BDF /* Debug */,
				0DF7F8E22D2227B000727BDF /* Release */,
			);
			defaultConfigurationIsVisible = 0;
			defaultConfigurationName = Release;
		};
		0DF7F8E32D2227B000727BDF /* Build configuration list for PBXNativeTarget "RWR Watch AppUITests" */ = {
			isa = XCConfigurationList;
			buildConfigurations = (
				0DF7F8E42D2227B000727BDF /* Debug */,
				0DF7F8E52D2227B000727BDF /* Release */,
			);
			defaultConfigurationIsVisible = 0;
			defaultConfigurationName = Release;
		};
/* End XCConfigurationList section */
	};
	rootObject = 0DF7F87F2D2227AD00727BDF /* Project object */;
}
